// !$*UTF8*$!
{
	archiveVersion = 1;
	classes = {
	};
	objectVersion = 55;
	objects = {

/* Begin PBXBuildFile section */
		080BC63E27D8F1B7003B1811 /* HeaderCollectionReusableView.swift in Sources */ = {isa = PBXBuildFile; fileRef = 080BC63D27D8F1B7003B1811 /* HeaderCollectionReusableView.swift */; };
		080BC64027D8FEE0003B1811 /* HeaderCollectionReusableView.xib in Resources */ = {isa = PBXBuildFile; fileRef = 080BC63F27D8FEE0003B1811 /* HeaderCollectionReusableView.xib */; };
		080BC64227D9059B003B1811 /* VerticalMediumCellView.swift in Sources */ = {isa = PBXBuildFile; fileRef = 080BC64127D9059B003B1811 /* VerticalMediumCellView.swift */; };
		080BC64527D906D8003B1811 /* AllLandmarksCollectionViewController.swift in Sources */ = {isa = PBXBuildFile; fileRef = 080BC64427D906D8003B1811 /* AllLandmarksCollectionViewController.swift */; };
		083AC55027D8BB4E007B5A5F /* AppDelegate.swift in Sources */ = {isa = PBXBuildFile; fileRef = 083AC54F27D8BB4E007B5A5F /* AppDelegate.swift */; };
		083AC55227D8BB4E007B5A5F /* SceneDelegate.swift in Sources */ = {isa = PBXBuildFile; fileRef = 083AC55127D8BB4E007B5A5F /* SceneDelegate.swift */; };
		083AC55427D8BB4E007B5A5F /* ViewController.swift in Sources */ = {isa = PBXBuildFile; fileRef = 083AC55327D8BB4E007B5A5F /* ViewController.swift */; };
		083AC55727D8BB4E007B5A5F /* Main.storyboard in Resources */ = {isa = PBXBuildFile; fileRef = 083AC55527D8BB4E007B5A5F /* Main.storyboard */; };
		083AC55C27D8BB4F007B5A5F /* LaunchScreen.storyboard in Resources */ = {isa = PBXBuildFile; fileRef = 083AC55A27D8BB4F007B5A5F /* LaunchScreen.storyboard */; };
		083AC56427D8BC3D007B5A5F /* Assets.xcassets in Resources */ = {isa = PBXBuildFile; fileRef = 083AC56327D8BC3D007B5A5F /* Assets.xcassets */; };
		083AC56627D8BC43007B5A5F /* landmarkData.json in Resources */ = {isa = PBXBuildFile; fileRef = 083AC56527D8BC43007B5A5F /* landmarkData.json */; };
		083AC56A27D8BDE4007B5A5F /* JsonRepository.swift in Sources */ = {isa = PBXBuildFile; fileRef = 083AC56927D8BDE4007B5A5F /* JsonRepository.swift */; };
		083AC56D27D8BF63007B5A5F /* Landmark.swift in Sources */ = {isa = PBXBuildFile; fileRef = 083AC56C27D8BF63007B5A5F /* Landmark.swift */; };
		083AC57327D8DA31007B5A5F /* HorizontalBigCellView.swift in Sources */ = {isa = PBXBuildFile; fileRef = 083AC57227D8DA31007B5A5F /* HorizontalBigCellView.swift */; };
		083AC57527D8DADF007B5A5F /* HorizontalSmallCellView.swift in Sources */ = {isa = PBXBuildFile; fileRef = 083AC57427D8DADF007B5A5F /* HorizontalSmallCellView.swift */; };
/* End PBXBuildFile section */

/* Begin PBXFileReference section */
		080BC63D27D8F1B7003B1811 /* HeaderCollectionReusableView.swift */ = {isa = PBXFileReference; lastKnownFileType = sourcecode.swift; path = HeaderCollectionReusableView.swift; sourceTree = "<group>"; };
		080BC63F27D8FEE0003B1811 /* HeaderCollectionReusableView.xib */ = {isa = PBXFileReference; lastKnownFileType = file.xib; path = HeaderCollectionReusableView.xib; sourceTree = SOURCE_ROOT; };
		080BC64127D9059B003B1811 /* VerticalMediumCellView.swift */ = {isa = PBXFileReference; lastKnownFileType = sourcecode.swift; path = VerticalMediumCellView.swift; sourceTree = "<group>"; };
		080BC64427D906D8003B1811 /* AllLandmarksCollectionViewController.swift */ = {isa = PBXFileReference; lastKnownFileType = sourcecode.swift; path = AllLandmarksCollectionViewController.swift; sourceTree = "<group>"; };
		083AC54C27D8BB4E007B5A5F /* Landmarks.app */ = {isa = PBXFileReference; explicitFileType = wrapper.application; includeInIndex = 0; path = Landmarks.app; sourceTree = BUILT_PRODUCTS_DIR; };
		083AC54F27D8BB4E007B5A5F /* AppDelegate.swift */ = {isa = PBXFileReference; lastKnownFileType = sourcecode.swift; path = AppDelegate.swift; sourceTree = "<group>"; };
		083AC55127D8BB4E007B5A5F /* SceneDelegate.swift */ = {isa = PBXFileReference; lastKnownFileType = sourcecode.swift; path = SceneDelegate.swift; sourceTree = "<group>"; };
		083AC55327D8BB4E007B5A5F /* ViewController.swift */ = {isa = PBXFileReference; lastKnownFileType = sourcecode.swift; path = ViewController.swift; sourceTree = "<group>"; };
		083AC55627D8BB4E007B5A5F /* Base */ = {isa = PBXFileReference; lastKnownFileType = file.storyboard; name = Base; path = Base.lproj/Main.storyboard; sourceTree = "<group>"; };
		083AC55B27D8BB4F007B5A5F /* Base */ = {isa = PBXFileReference; lastKnownFileType = file.storyboard; name = Base; path = Base.lproj/LaunchScreen.storyboard; sourceTree = "<group>"; };
		083AC55D27D8BB4F007B5A5F /* Info.plist */ = {isa = PBXFileReference; lastKnownFileType = text.plist.xml; path = Info.plist; sourceTree = "<group>"; };
		083AC56327D8BC3D007B5A5F /* Assets.xcassets */ = {isa = PBXFileReference; lastKnownFileType = folder.assetcatalog; path = Assets.xcassets; sourceTree = "<group>"; };
		083AC56527D8BC43007B5A5F /* landmarkData.json */ = {isa = PBXFileReference; fileEncoding = 4; lastKnownFileType = text.json; path = landmarkData.json; sourceTree = "<group>"; };
		083AC56927D8BDE4007B5A5F /* JsonRepository.swift */ = {isa = PBXFileReference; lastKnownFileType = sourcecode.swift; path = JsonRepository.swift; sourceTree = "<group>"; };
		083AC56C27D8BF63007B5A5F /* Landmark.swift */ = {isa = PBXFileReference; lastKnownFileType = sourcecode.swift; path = Landmark.swift; sourceTree = "<group>"; };
		083AC57227D8DA31007B5A5F /* HorizontalBigCellView.swift */ = {isa = PBXFileReference; lastKnownFileType = sourcecode.swift; path = HorizontalBigCellView.swift; sourceTree = "<group>"; };
		083AC57427D8DADF007B5A5F /* HorizontalSmallCellView.swift */ = {isa = PBXFileReference; lastKnownFileType = sourcecode.swift; path = HorizontalSmallCellView.swift; sourceTree = "<group>"; };
/* End PBXFileReference section */

/* Begin PBXFrameworksBuildPhase section */
		083AC54927D8BB4E007B5A5F /* Frameworks */ = {
			isa = PBXFrameworksBuildPhase;
			buildActionMask = 2147483647;
			files = (
			);
			runOnlyForDeploymentPostprocessing = 0;
		};
/* End PBXFrameworksBuildPhase section */

/* Begin PBXGroup section */
		080BC64327D9067F003B1811 /* ViewModel */ = {
			isa = PBXGroup;
			children = (
				083AC55327D8BB4E007B5A5F /* ViewController.swift */,
				080BC64427D906D8003B1811 /* AllLandmarksCollectionViewController.swift */,
			);
			path = ViewModel;
			sourceTree = "<group>";
		};
		083AC54327D8BB4E007B5A5F = {
			isa = PBXGroup;
			children = (
				083AC54E27D8BB4E007B5A5F /* Landmarks */,
				083AC54D27D8BB4E007B5A5F /* Products */,
			);
			sourceTree = "<group>";
		};
		083AC54D27D8BB4E007B5A5F /* Products */ = {
			isa = PBXGroup;
			children = (
				083AC54C27D8BB4E007B5A5F /* Landmarks.app */,
			);
			name = Products;
			sourceTree = "<group>";
		};
		083AC54E27D8BB4E007B5A5F /* Landmarks */ = {
			isa = PBXGroup;
			children = (
				080BC64327D9067F003B1811 /* ViewModel */,
				083AC57027D8D935007B5A5F /* View */,
				083AC56B27D8BF4F007B5A5F /* Model */,
				083AC56827D8BDCC007B5A5F /* Repository */,
				083AC54F27D8BB4E007B5A5F /* AppDelegate.swift */,
				083AC55127D8BB4E007B5A5F /* SceneDelegate.swift */,
				083AC55527D8BB4E007B5A5F /* Main.storyboard */,
				083AC55A27D8BB4F007B5A5F /* LaunchScreen.storyboard */,
				083AC55D27D8BB4F007B5A5F /* Info.plist */,
				083AC56327D8BC3D007B5A5F /* Assets.xcassets */,
				083AC56527D8BC43007B5A5F /* landmarkData.json */,
			);
			path = Landmarks;
			sourceTree = "<group>";
		};
		083AC56827D8BDCC007B5A5F /* Repository */ = {
			isa = PBXGroup;
			children = (
				083AC56927D8BDE4007B5A5F /* JsonRepository.swift */,
			);
			path = Repository;
			sourceTree = "<group>";
		};
		083AC56B27D8BF4F007B5A5F /* Model */ = {
			isa = PBXGroup;
			children = (
				083AC56C27D8BF63007B5A5F /* Landmark.swift */,
			);
			path = Model;
			sourceTree = "<group>";
		};
		083AC57027D8D935007B5A5F /* View */ = {
			isa = PBXGroup;
			children = (
				080BC63F27D8FEE0003B1811 /* HeaderCollectionReusableView.xib */,
				083AC57227D8DA31007B5A5F /* HorizontalBigCellView.swift */,
				083AC57427D8DADF007B5A5F /* HorizontalSmallCellView.swift */,
				080BC63D27D8F1B7003B1811 /* HeaderCollectionReusableView.swift */,
				080BC64127D9059B003B1811 /* VerticalMediumCellView.swift */,
			);
			path = View;
			sourceTree = "<group>";
		};
/* End PBXGroup section */

/* Begin PBXNativeTarget section */
		083AC54B27D8BB4E007B5A5F /* Landmarks */ = {
			isa = PBXNativeTarget;
			buildConfigurationList = 083AC56027D8BB4F007B5A5F /* Build configuration list for PBXNativeTarget "Landmarks" */;
			buildPhases = (
				083AC54827D8BB4E007B5A5F /* Sources */,
				083AC54927D8BB4E007B5A5F /* Frameworks */,
				083AC54A27D8BB4E007B5A5F /* Resources */,
			);
			buildRules = (
			);
			dependencies = (
			);
			name = Landmarks;
			productName = Landmarks;
			productReference = 083AC54C27D8BB4E007B5A5F /* Landmarks.app */;
			productType = "com.apple.product-type.application";
		};
/* End PBXNativeTarget section */

/* Begin PBXProject section */
		083AC54427D8BB4E007B5A5F /* Project object */ = {
			isa = PBXProject;
			attributes = {
				BuildIndependentTargetsInParallel = 1;
				LastSwiftUpdateCheck = 1320;
				LastUpgradeCheck = 1320;
				TargetAttributes = {
					083AC54B27D8BB4E007B5A5F = {
						CreatedOnToolsVersion = 13.2.1;
					};
				};
			};
			buildConfigurationList = 083AC54727D8BB4E007B5A5F /* Build configuration list for PBXProject "Landmarks" */;
			compatibilityVersion = "Xcode 13.0";
			developmentRegion = en;
			hasScannedForEncodings = 0;
			knownRegions = (
				en,
				Base,
			);
			mainGroup = 083AC54327D8BB4E007B5A5F;
			productRefGroup = 083AC54D27D8BB4E007B5A5F /* Products */;
			projectDirPath = "";
			projectRoot = "";
			targets = (
				083AC54B27D8BB4E007B5A5F /* Landmarks */,
			);
		};
/* End PBXProject section */

/* Begin PBXResourcesBuildPhase section */
		083AC54A27D8BB4E007B5A5F /* Resources */ = {
			isa = PBXResourcesBuildPhase;
			buildActionMask = 2147483647;
			files = (
				083AC55C27D8BB4F007B5A5F /* LaunchScreen.storyboard in Resources */,
				080BC64027D8FEE0003B1811 /* HeaderCollectionReusableView.xib in Resources */,
				083AC56627D8BC43007B5A5F /* landmarkData.json in Resources */,
				083AC56427D8BC3D007B5A5F /* Assets.xcassets in Resources */,
				083AC55727D8BB4E007B5A5F /* Main.storyboard in Resources */,
			);
			runOnlyForDeploymentPostprocessing = 0;
		};
/* End PBXResourcesBuildPhase section */

/* Begin PBXSourcesBuildPhase section */
		083AC54827D8BB4E007B5A5F /* Sources */ = {
			isa = PBXSourcesBuildPhase;
			buildActionMask = 2147483647;
			files = (
				080BC64227D9059B003B1811 /* VerticalMediumCellView.swift in Sources */,
				080BC63E27D8F1B7003B1811 /* HeaderCollectionReusableView.swift in Sources */,
				083AC55427D8BB4E007B5A5F /* ViewController.swift in Sources */,
				083AC56A27D8BDE4007B5A5F /* JsonRepository.swift in Sources */,
				083AC55027D8BB4E007B5A5F /* AppDelegate.swift in Sources */,
				083AC55227D8BB4E007B5A5F /* SceneDelegate.swift in Sources */,
				080BC64527D906D8003B1811 /* AllLandmarksCollectionViewController.swift in Sources */,
				083AC57327D8DA31007B5A5F /* HorizontalBigCellView.swift in Sources */,
				083AC57527D8DADF007B5A5F /* HorizontalSmallCellView.swift in Sources */,
				083AC56D27D8BF63007B5A5F /* Landmark.swift in Sources */,
			);
			runOnlyForDeploymentPostprocessing = 0;
		};
/* End PBXSourcesBuildPhase section */

/* Begin PBXVariantGroup section */
		083AC55527D8BB4E007B5A5F /* Main.storyboard */ = {
			isa = PBXVariantGroup;
			children = (
				083AC55627D8BB4E007B5A5F /* Base */,
			);
			name = Main.storyboard;
			sourceTree = "<group>";
		};
		083AC55A27D8BB4F007B5A5F /* LaunchScreen.storyboard */ = {
			isa = PBXVariantGroup;
			children = (
				083AC55B27D8BB4F007B5A5F /* Base */,
			);
			name = LaunchScreen.storyboard;
			sourceTree = "<group>";
		};
/* End PBXVariantGroup section */

/* Begin XCBuildConfiguration section */
		083AC55E27D8BB4F007B5A5F /* Debug */ = {
			isa = XCBuildConfiguration;
			buildSettings = {
				ALWAYS_SEARCH_USER_PATHS = NO;
				CLANG_ANALYZER_NONNULL = YES;
				CLANG_ANALYZER_NUMBER_OBJECT_CONVERSION = YES_AGGRESSIVE;
				CLANG_CXX_LANGUAGE_STANDARD = "gnu++17";
				CLANG_CXX_LIBRARY = "libc++";
				CLANG_ENABLE_MODULES = YES;
				CLANG_ENABLE_OBJC_ARC = YES;
				CLANG_ENABLE_OBJC_WEAK = YES;
				CLANG_WARN_BLOCK_CAPTURE_AUTORELEASING = YES;
				CLANG_WARN_BOOL_CONVERSION = YES;
				CLANG_WARN_COMMA = YES;
				CLANG_WARN_CONSTANT_CONVERSION = YES;
				CLANG_WARN_DEPRECATED_OBJC_IMPLEMENTATIONS = YES;
				CLANG_WARN_DIRECT_OBJC_ISA_USAGE = YES_ERROR;
				CLANG_WARN_DOCUMENTATION_COMMENTS = YES;
				CLANG_WARN_EMPTY_BODY = YES;
				CLANG_WARN_ENUM_CONVERSION = YES;
				CLANG_WARN_INFINITE_RECURSION = YES;
				CLANG_WARN_INT_CONVERSION = YES;
				CLANG_WARN_NON_LITERAL_NULL_CONVERSION = YES;
				CLANG_WARN_OBJC_IMPLICIT_RETAIN_SELF = YES;
				CLANG_WARN_OBJC_LITERAL_CONVERSION = YES;
				CLANG_WARN_OBJC_ROOT_CLASS = YES_ERROR;
				CLANG_WARN_QUOTED_INCLUDE_IN_FRAMEWORK_HEADER = YES;
				CLANG_WARN_RANGE_LOOP_ANALYSIS = YES;
				CLANG_WARN_STRICT_PROTOTYPES = YES;
				CLANG_WARN_SUSPICIOUS_MOVE = YES;
				CLANG_WARN_UNGUARDED_AVAILABILITY = YES_AGGRESSIVE;
				CLANG_WARN_UNREACHABLE_CODE = YES;
				CLANG_WARN__DUPLICATE_METHOD_MATCH = YES;
				COPY_PHASE_STRIP = NO;
				DEBUG_INFORMATION_FORMAT = dwarf;
				ENABLE_STRICT_OBJC_MSGSEND = YES;
				ENABLE_TESTABILITY = YES;
				GCC_C_LANGUAGE_STANDARD = gnu11;
				GCC_DYNAMIC_NO_PIC = NO;
				GCC_NO_COMMON_BLOCKS = YES;
				GCC_OPTIMIZATION_LEVEL = 0;
				GCC_PREPROCESSOR_DEFINITIONS = (
					"DEBUG=1",
					"$(inherited)",
				);
				GCC_WARN_64_TO_32_BIT_CONVERSION = YES;
				GCC_WARN_ABOUT_RETURN_TYPE = YES_ERROR;
				GCC_WARN_UNDECLARED_SELECTOR = YES;
				GCC_WARN_UNINITIALIZED_AUTOS = YES_AGGRESSIVE;
				GCC_WARN_UNUSED_FUNCTION = YES;
				GCC_WARN_UNUSED_VARIABLE = YES;
				IPHONEOS_DEPLOYMENT_TARGET = 15.2;
				MTL_ENABLE_DEBUG_INFO = INCLUDE_SOURCE;
				MTL_FAST_MATH = YES;
				ONLY_ACTIVE_ARCH = YES;
				SDKROOT = iphoneos;
				SWIFT_ACTIVE_COMPILATION_CONDITIONS = DEBUG;
				SWIFT_OPTIMIZATION_LEVEL = "-Onone";
			};
			name = Debug;
		};
		083AC55F27D8BB4F007B5A5F /* Release */ = {
			isa = XCBuildConfiguration;
			buildSettings = {
				ALWAYS_SEARCH_USER_PATHS = NO;
				CLANG_ANALYZER_NONNULL = YES;
				CLANG_ANALYZER_NUMBER_OBJECT_CONVERSION = YES_AGGRESSIVE;
				CLANG_CXX_LANGUAGE_STANDARD = "gnu++17";
				CLANG_CXX_LIBRARY = "libc++";
				CLANG_ENABLE_MODULES = YES;
				CLANG_ENABLE_OBJC_ARC = YES;
				CLANG_ENABLE_OBJC_WEAK = YES;
				CLANG_WARN_BLOCK_CAPTURE_AUTORELEASING = YES;
				CLANG_WARN_BOOL_CONVERSION = YES;
				CLANG_WARN_COMMA = YES;
				CLANG_WARN_CONSTANT_CONVERSION = YES;
				CLANG_WARN_DEPRECATED_OBJC_IMPLEMENTATIONS = YES;
				CLANG_WARN_DIRECT_OBJC_ISA_USAGE = YES_ERROR;
				CLANG_WARN_DOCUMENTATION_COMMENTS = YES;
				CLANG_WARN_EMPTY_BODY = YES;
				CLANG_WARN_ENUM_CONVERSION = YES;
				CLANG_WARN_INFINITE_RECURSION = YES;
				CLANG_WARN_INT_CONVERSION = YES;
				CLANG_WARN_NON_LITERAL_NULL_CONVERSION = YES;
				CLANG_WARN_OBJC_IMPLICIT_RETAIN_SELF = YES;
				CLANG_WARN_OBJC_LITERAL_CONVERSION = YES;
				CLANG_WARN_OBJC_ROOT_CLASS = YES_ERROR;
				CLANG_WARN_QUOTED_INCLUDE_IN_FRAMEWORK_HEADER = YES;
				CLANG_WARN_RANGE_LOOP_ANALYSIS = YES;
				CLANG_WARN_STRICT_PROTOTYPES = YES;
				CLANG_WARN_SUSPICIOUS_MOVE = YES;
				CLANG_WARN_UNGUARDED_AVAILABILITY = YES_AGGRESSIVE;
				CLANG_WARN_UNREACHABLE_CODE = YES;
				CLANG_WARN__DUPLICATE_METHOD_MATCH = YES;
				COPY_PHASE_STRIP = NO;
				DEBUG_INFORMATION_FORMAT = "dwarf-with-dsym";
				ENABLE_NS_ASSERTIONS = NO;
				ENABLE_STRICT_OBJC_MSGSEND = YES;
				GCC_C_LANGUAGE_STANDARD = gnu11;
				GCC_NO_COMMON_BLOCKS = YES;
				GCC_WARN_64_TO_32_BIT_CONVERSION = YES;
				GCC_WARN_ABOUT_RETURN_TYPE = YES_ERROR;
				GCC_WARN_UNDECLARED_SELECTOR = YES;
				GCC_WARN_UNINITIALIZED_AUTOS = YES_AGGRESSIVE;
				GCC_WARN_UNUSED_FUNCTION = YES;
				GCC_WARN_UNUSED_VARIABLE = YES;
				IPHONEOS_DEPLOYMENT_TARGET = 15.2;
				MTL_ENABLE_DEBUG_INFO = NO;
				MTL_FAST_MATH = YES;
				SDKROOT = iphoneos;
				SWIFT_COMPILATION_MODE = wholemodule;
				SWIFT_OPTIMIZATION_LEVEL = "-O";
				VALIDATE_PRODUCT = YES;
			};
			name = Release;
		};
		083AC56127D8BB4F007B5A5F /* Debug */ = {
			isa = XCBuildConfiguration;
			buildSettings = {
				ASSETCATALOG_COMPILER_APPICON_NAME = AppIcon;
				ASSETCATALOG_COMPILER_GLOBAL_ACCENT_COLOR_NAME = AccentColor;
				CODE_SIGN_STYLE = Automatic;
				CURRENT_PROJECT_VERSION = 1;
				DEVELOPMENT_TEAM = FF98V25AFN;
				GENERATE_INFOPLIST_FILE = YES;
				INFOPLIST_FILE = Landmarks/Info.plist;
				INFOPLIST_KEY_UIApplicationSupportsIndirectInputEvents = YES;
				INFOPLIST_KEY_UILaunchStoryboardName = LaunchScreen;
				INFOPLIST_KEY_UIMainStoryboardFile = Main;
				INFOPLIST_KEY_UISupportedInterfaceOrientations_iPad = "UIInterfaceOrientationPortrait UIInterfaceOrientationPortraitUpsideDown UIInterfaceOrientationLandscapeLeft UIInterfaceOrientationLandscapeRight";
				INFOPLIST_KEY_UISupportedInterfaceOrientations_iPhone = "UIInterfaceOrientationPortrait UIInterfaceOrientationLandscapeLeft UIInterfaceOrientationLandscapeRight";
				LD_RUNPATH_SEARCH_PATHS = (
					"$(inherited)",
					"@executable_path/Frameworks",
				);
				MARKETING_VERSION = 1.0;
				PRODUCT_BUNDLE_IDENTIFIER = "univ-lyon1.fr.Landmarks";
				PRODUCT_NAME = "$(TARGET_NAME)";
				SWIFT_EMIT_LOC_STRINGS = YES;
				SWIFT_VERSION = 5.0;
				TARGETED_DEVICE_FAMILY = "1,2";
			};
			name = Debug;
		};
		083AC56227D8BB4F007B5A5F /* Release */ = {
			isa = XCBuildConfiguration;
			buildSettings = {
				ASSETCATALOG_COMPILER_APPICON_NAME = AppIcon;
				ASSETCATALOG_COMPILER_GLOBAL_ACCENT_COLOR_NAME = AccentColor;
				CODE_SIGN_STYLE = Automatic;
				CURRENT_PROJECT_VERSION = 1;
				DEVELOPMENT_TEAM = FF98V25AFN;
				GENERATE_INFOPLIST_FILE = YES;
				INFOPLIST_FILE = Landmarks/Info.plist;
				INFOPLIST_KEY_UIApplicationSupportsIndirectInputEvents = YES;
				INFOPLIST_KEY_UILaunchStoryboardName = LaunchScreen;
				INFOPLIST_KEY_UIMainStoryboardFile = Main;
				INFOPLIST_KEY_UISupportedInterfaceOrientations_iPad = "UIInterfaceOrientationPortrait UIInterfaceOrientationPortraitUpsideDown UIInterfaceOrientationLandscapeLeft UIInterfaceOrientationLandscapeRight";
				INFOPLIST_KEY_UISupportedInterfaceOrientations_iPhone = "UIInterfaceOrientationPortrait UIInterfaceOrientationLandscapeLeft UIInterfaceOrientationLandscapeRight";
				LD_RUNPATH_SEARCH_PATHS = (
					"$(inherited)",
					"@executable_path/Frameworks",
				);
				MARKETING_VERSION = 1.0;
				PRODUCT_BUNDLE_IDENTIFIER = "univ-lyon1.fr.Landmarks";
				PRODUCT_NAME = "$(TARGET_NAME)";
				SWIFT_EMIT_LOC_STRINGS = YES;
				SWIFT_VERSION = 5.0;
				TARGETED_DEVICE_FAMILY = "1,2";
			};
			name = Release;
		};
/* End XCBuildConfiguration section */

/* Begin XCConfigurationList section */
		083AC54727D8BB4E007B5A5F /* Build configuration list for PBXProject "Landmarks" */ = {
			isa = XCConfigurationList;
			buildConfigurations = (
				083AC55E27D8BB4F007B5A5F /* Debug */,
				083AC55F27D8BB4F007B5A5F /* Release */,
			);
			defaultConfigurationIsVisible = 0;
			defaultConfigurationName = Release;
		};
		083AC56027D8BB4F007B5A5F /* Build configuration list for PBXNativeTarget "Landmarks" */ = {
			isa = XCConfigurationList;
			buildConfigurations = (
				083AC56127D8BB4F007B5A5F /* Debug */,
				083AC56227D8BB4F007B5A5F /* Release */,
			);
			defaultConfigurationIsVisible = 0;
			defaultConfigurationName = Release;
		};
/* End XCConfigurationList section */
	};
	rootObject = 083AC54427D8BB4E007B5A5F /* Project object */;
}
